
Microsoft Visual Studio Solution File, Format Version 12.00
# Visual Studio 2013
VisualStudioVersion = 12.0.31101.0
MinimumVisualStudioVersion = 10.0.40219.1
Project("{FAE04EC0-301F-11D3-BF4B-00C04F79EFBC}") = "CustomerDataEntry", "CustomerDataEntry\CustomerDataEntry.csproj", "{030F198A-5830-4599-A1F7-A9590DF8A509}"
EndProject
Project("{FAE04EC0-301F-11D3-BF4B-00C04F79EFBC}") = "CustomerDataEntryWeb", "CustomerDataEntryWeb\CustomerDataEntryWeb.csproj", "{3E410169-640E-4DD8-B16D-01F001CF6967}"
EndProject
Project("{FAE04EC0-301F-11D3-BF4B-00C04F79EFBC}") = "DataAccess", "DataAccess\DataAccess.csproj", "{39786914-5401-4863-9C2C-9601BEBEE2E7}"
EndProject
Global
	GlobalSection(SolutionConfigurationPlatforms) = preSolution
		Debug|Any CPU = Debug|Any CPU
		Debug|Mixed Platforms = Debug|Mixed Platforms
		Debug|x86 = Debug|x86
		Release|Any CPU = Release|Any CPU
		Release|Mixed Platforms = Release|Mixed Platforms
		Release|x86 = Release|x86
	EndGlobalSection
	GlobalSection(ProjectConfigurationPlatforms) = postSolution
		{030F198A-5830-4599-A1F7-A9590DF8A509}.Debug|Any CPU.ActiveCfg = Debug|x86
		{030F198A-5830-4599-A1F7-A9590DF8A509}.Debug|Mixed Platforms.ActiveCfg = Debug|x86
		{030F198A-5830-4599-A1F7-A9590DF8A509}.Debug|Mixed Platforms.Build.0 = Debug|x86
		{030F198A-5830-4599-A1F7-A9590DF8A509}.Debug|x86.ActiveCfg = Debug|x86
		{030F198A-5830-4599-A1F7-A9590DF8A509}.Debug|x86.Build.0 = Debug|x86
		{030F198A-5830-4599-A1F7-A9590DF8A509}.Release|Any CPU.ActiveCfg = Release|x86
		{030F198A-5830-4599-A1F7-A9590DF8A509}.Release|Mixed Platforms.ActiveCfg = Release|x86
		{030F198A-5830-4599-A1F7-A9590DF8A509}.Release|Mixed Platforms.Build.0 = Release|x86
		{030F198A-5830-4599-A1F7-A9590DF8A509}.Release|x86.ActiveCfg = Release|x86
		{030F198A-5830-4599-A1F7-A9590DF8A509}.Release|x86.Build.0 = Release|x86
		{3E410169-640E-4DD8-B16D-01F001CF6967}.Debug|Any CPU.ActiveCfg = Debug|Any CPU
		{3E410169-640E-4DD8-B16D-01F001CF6967}.Debug|Any CPU.Build.0 = Debug|Any CPU
		{3E410169-640E-4DD8-B16D-01F001CF6967}.Debug|Mixed Platforms.ActiveCfg = Debug|Any CPU
		{3E410169-640E-4DD8-B16D-01F001CF6967}.Debug|Mixed Platforms.Build.0 = Debug|Any CPU
		{3E410169-640E-4DD8-B16D-01F001CF6967}.Debug|x86.ActiveCfg = Debug|Any CPU
		{3E410169-640E-4DD8-B16D-01F001CF6967}.Release|Any CPU.ActiveCfg = Release|Any CPU
		{3E410169-640E-4DD8-B16D-01F001CF6967}.Release|Any CPU.Build.0 = Release|Any CPU
		{3E410169-640E-4DD8-B16D-01F001CF6967}.Release|Mixed Platforms.ActiveCfg = Release|Any CPU
		{3E410169-640E-4DD8-B16D-01F001CF6967}.Release|Mixed Platforms.Build.0 = Release|Any CPU
		{3E410169-640E-4DD8-B16D-01F001CF6967}.Release|x86.ActiveCfg = Release|Any CPU
		{39786914-5401-4863-9C2C-9601BEBEE2E7}.Debug|Any CPU.ActiveCfg = Debug|Any CPU
		{39786914-5401-4863-9C2C-9601BEBEE2E7}.Debug|Any CPU.Build.0 = Debug|Any CPU
		{39786914-5401-4863-9C2C-9601BEBEE2E7}.Debug|Mixed Platforms.ActiveCfg = Debug|Any CPU
		{39786914-5401-4863-9C2C-9601BEBEE2E7}.Debug|Mixed Platforms.Build.0 = Debug|Any CPU
		{39786914-5401-4863-9C2C-9601BEBEE2E7}.Debug|x86.ActiveCfg = Debug|Any CPU
		{39786914-5401-4863-9C2C-9601BEBEE2E7}.Release|Any CPU.ActiveCfg = Release|Any CPU
		{39786914-5401-4863-9C2C-9601BEBEE2E7}.Release|Any CPU.Build.0 = Release|Any CPU
		{39786914-5401-4863-9C2C-9601BEBEE2E7}.Release|Mixed Platforms.ActiveCfg = Release|Any CPU
		{39786914-5401-4863-9C2C-9601BEBEE2E7}.Release|Mixed Platforms.Build.0 = Release|Any CPU
		{39786914-5401-4863-9C2C-9601BEBEE2E7}.Release|x86.ActiveCfg = Release|Any CPU
	EndGlobalSection
	GlobalSection(SolutionProperties) = preSolution
		HideSolutionNode = FALSE
	EndGlobalSection
EndGlobal
